
Microsoft Visual Studio Solution File, Format Version 12.00
# Visual Studio Version 17
VisualStudioVersion = 17.8.34330.188
MinimumVisualStudioVersion = 10.0.40219.1
Project("{FAE04EC0-301F-11D3-BF4B-00C04F79EFBC}") = "Autoclicker", "Autoclicker.csproj", "{38939899-0459-4C16-A095-F3775E1F196D}"
EndProject
Global
	GlobalSection(SolutionConfigurationPlatforms) = preSolution
		Debug|Any CPU = Debug|Any CPU
		Release|Any CPU = Release|Any CPU
	EndGlobalSection
	GlobalSection(ProjectConfigurationPlatforms) = postSolution
		{38939899-0459-4C16-A095-F3775E1F196D}.Debug|Any CPU.ActiveCfg = Debug|Any CPU
		{38939899-0459-4C16-A095-F3775E1F196D}.Debug|Any CPU.Build.0 = Debug|Any CPU
		{38939899-0459-4C16-A095-F3775E1F196D}.Release|Any CPU.ActiveCfg = Release|Any CPU
		{38939899-0459-4C16-A095-F3775E1F196D}.Release|Any CPU.Build.0 = Release|Any CPU
	EndGlobalSection
	GlobalSection(SolutionProperties) = preSolution
		HideSolutionNode = FALSE
	EndGlobalSection
	GlobalSection(ExtensibilityGlobals) = postSolution
		SolutionGuid = {1F63AC1E-CF32-4437-A860-506C15F2BC56}
	EndGlobalSection
EndGlobal
